
Microsoft Visual Studio Solution File, Format Version 12.00
# Visual Studio Version 16
VisualStudioVersion = 16.0.29509.3
MinimumVisualStudioVersion = 10.0.40219.1
Project("{FAE04EC0-301F-11D3-BF4B-00C04F79EFBC}") = "roleDemo", "roleDemo\roleDemo.csproj", "{B778D8A5-D3F8-428B-B624-B9BE441D77BD}"
EndProject
Global
	GlobalSection(SolutionConfigurationPlatforms) = preSolution
		Debug|Any CPU = Debug|Any CPU
		Release|Any CPU = Release|Any CPU
	EndGlobalSection
	GlobalSection(ProjectConfigurationPlatforms) = postSolution
		{B778D8A5-D3F8-428B-B624-B9BE441D77BD}.Debug|Any CPU.ActiveCfg = Debug|Any CPU
		{B778D8A5-D3F8-428B-B624-B9BE441D77BD}.Debug|Any CPU.Build.0 = Debug|Any CPU
		{B778D8A5-D3F8-428B-B624-B9BE441D77BD}.Release|Any CPU.ActiveCfg = Release|Any CPU
		{B778D8A5-D3F8-428B-B624-B9BE441D77BD}.Release|Any CPU.Build.0 = Release|Any CPU
	EndGlobalSection
	GlobalSection(SolutionProperties) = preSolution
		HideSolutionNode = FALSE
	EndGlobalSection
	GlobalSection(ExtensibilityGlobals) = postSolution
		SolutionGuid = {1F75A8D1-895F-4320-8A10-5DC2B848F833}
	EndGlobalSection
EndGlobal
